// !$*UTF8*$!
{
	archiveVersion = 1;
	classes = {
	};
	objectVersion = 50;
	objects = {

/* Begin PBXBuildFile section */
		276F19E32545F447001F9AB7 /* AppDelegate.swift in Sources */ = {isa = PBXBuildFile; fileRef = 276F19E22545F447001F9AB7 /* AppDelegate.swift */; };
		276F19E52545F447001F9AB7 /* ViewController.swift in Sources */ = {isa = PBXBuildFile; fileRef = 276F19E42545F447001F9AB7 /* ViewController.swift */; };
		276F19E82545F447001F9AB7 /* Main.storyboard in Resources */ = {isa = PBXBuildFile; fileRef = 276F19E62545F447001F9AB7 /* Main.storyboard */; };
		276F19EB2545F447001F9AB7 /* TextFieldsUserDefaults.xcdatamodeld in Sources */ = {isa = PBXBuildFile; fileRef = 276F19E92545F447001F9AB7 /* TextFieldsUserDefaults.xcdatamodeld */; };
		276F19ED2545F449001F9AB7 /* Assets.xcassets in Resources */ = {isa = PBXBuildFile; fileRef = 276F19EC2545F449001F9AB7 /* Assets.xcassets */; };
		276F19F02545F449001F9AB7 /* LaunchScreen.storyboard in Resources */ = {isa = PBXBuildFile; fileRef = 276F19EE2545F449001F9AB7 /* LaunchScreen.storyboard */; };
		276F19F82545F65B001F9AB7 /* NameAndLastname.swift in Sources */ = {isa = PBXBuildFile; fileRef = 276F19F72545F65B001F9AB7 /* NameAndLastname.swift */; };
/* End PBXBuildFile section */

/* Begin PBXFileReference section */
		276F19DF2545F447001F9AB7 /* TextFieldsUserDefaults.app */ = {isa = PBXFileReference; explicitFileType = wrapper.application; includeInIndex = 0; path = TextFieldsUserDefaults.app; sourceTree = BUILT_PRODUCTS_DIR; };
		276F19E22545F447001F9AB7 /* AppDelegate.swift */ = {isa = PBXFileReference; lastKnownFileType = sourcecode.swift; path = AppDelegate.swift; sourceTree = "<group>"; };
		276F19E42545F447001F9AB7 /* ViewController.swift */ = {isa = PBXFileReference; lastKnownFileType = sourcecode.swift; path = ViewController.swift; sourceTree = "<group>"; };
		276F19E72545F447001F9AB7 /* Base */ = {isa = PBXFileReference; lastKnownFileType = file.storyboard; name = Base; path = Base.lproj/Main.storyboard; sourceTree = "<group>"; };
		276F19EA2545F447001F9AB7 /* TextFieldsUserDefaults.xcdatamodel */ = {isa = PBXFileReference; lastKnownFileType = wrapper.xcdatamodel; path = TextFieldsUserDefaults.xcdatamodel; sourceTree = "<group>"; };
		276F19EC2545F449001F9AB7 /* Assets.xcassets */ = {isa = PBXFileReference; lastKnownFileType = folder.assetcatalog; path = Assets.xcassets; sourceTree = "<group>"; };
		276F19EF2545F449001F9AB7 /* Base */ = {isa = PBXFileReference; lastKnownFileType = file.storyboard; name = Base; path = Base.lproj/LaunchScreen.storyboard; sourceTree = "<group>"; };
		276F19F12545F449001F9AB7 /* Info.plist */ = {isa = PBXFileReference; lastKnownFileType = text.plist.xml; path = Info.plist; sourceTree = "<group>"; };
		276F19F72545F65B001F9AB7 /* NameAndLastname.swift */ = {isa = PBXFileReference; lastKnownFileType = sourcecode.swift; path = NameAndLastname.swift; sourceTree = "<group>"; };
/* End PBXFileReference section */

/* Begin PBXFrameworksBuildPhase section */
		276F19DC2545F447001F9AB7 /* Frameworks */ = {
			isa = PBXFrameworksBuildPhase;
			buildActionMask = 2147483647;
			files = (
			);
			runOnlyForDeploymentPostprocessing = 0;
		};
/* End PBXFrameworksBuildPhase section */

/* Begin PBXGroup section */
		276F19D62545F447001F9AB7 = {
			isa = PBXGroup;
			children = (
				276F19E12545F447001F9AB7 /* TextFieldsUserDefaults */,
				276F19E02545F447001F9AB7 /* Products */,
			);
			sourceTree = "<group>";
		};
		276F19E02545F447001F9AB7 /* Products */ = {
			isa = PBXGroup;
			children = (
				276F19DF2545F447001F9AB7 /* TextFieldsUserDefaults.app */,
			);
			name = Products;
			sourceTree = "<group>";
		};
		276F19E12545F447001F9AB7 /* TextFieldsUserDefaults */ = {
			isa = PBXGroup;
			children = (
				276F19E22545F447001F9AB7 /* AppDelegate.swift */,
				276F19E42545F447001F9AB7 /* ViewController.swift */,
				276F19E62545F447001F9AB7 /* Main.storyboard */,
				276F19F72545F65B001F9AB7 /* NameAndLastname.swift */,
				276F19EC2545F449001F9AB7 /* Assets.xcassets */,
				276F19EE2545F449001F9AB7 /* LaunchScreen.storyboard */,
				276F19F12545F449001F9AB7 /* Info.plist */,
				276F19E92545F447001F9AB7 /* TextFieldsUserDefaults.xcdatamodeld */,
			);
			path = TextFieldsUserDefaults;
			sourceTree = "<group>";
		};
/* End PBXGroup section */

/* Begin PBXNativeTarget section */
		276F19DE2545F447001F9AB7 /* TextFieldsUserDefaults */ = {
			isa = PBXNativeTarget;
			buildConfigurationList = 276F19F42545F449001F9AB7 /* Build configuration list for PBXNativeTarget "TextFieldsUserDefaults" */;
			buildPhases = (
				276F19DB2545F447001F9AB7 /* Sources */,
				276F19DC2545F447001F9AB7 /* Frameworks */,
				276F19DD2545F447001F9AB7 /* Resources */,
			);
			buildRules = (
			);
			dependencies = (
			);
			name = TextFieldsUserDefaults;
			productName = TextFieldsUserDefaults;
			productReference = 276F19DF2545F447001F9AB7 /* TextFieldsUserDefaults.app */;
			productType = "com.apple.product-type.application";
		};
/* End PBXNativeTarget section */

/* Begin PBXProject section */
		276F19D72545F447001F9AB7 /* Project object */ = {
			isa = PBXProject;
			attributes = {
				LastSwiftUpdateCheck = 1010;
				LastUpgradeCheck = 1010;
				ORGANIZATIONNAME = "Роман Мироненко";
				TargetAttributes = {
					276F19DE2545F447001F9AB7 = {
						CreatedOnToolsVersion = 10.1;
					};
				};
			};
			buildConfigurationList = 276F19DA2545F447001F9AB7 /* Build configuration list for PBXProject "TextFieldsUserDefaults" */;
			compatibilityVersion = "Xcode 9.3";
			developmentRegion = en;
			hasScannedForEncodings = 0;
			knownRegions = (
				en,
				Base,
			);
			mainGroup = 276F19D62545F447001F9AB7;
			productRefGroup = 276F19E02545F447001F9AB7 /* Products */;
			projectDirPath = "";
			projectRoot = "";
			targets = (
				276F19DE2545F447001F9AB7 /* TextFieldsUserDefaults */,
			);
		};
/* End PBXProject section */

/* Begin PBXResourcesBuildPhase section */
		276F19DD2545F447001F9AB7 /* Resources */ = {
			isa = PBXResourcesBuildPhase;
			buildActionMask = 2147483647;
			files = (
				276F19F02545F449001F9AB7 /* LaunchScreen.storyboard in Resources */,
				276F19ED2545F449001F9AB7 /* Assets.xcassets in Resources */,
				276F19E82545F447001F9AB7 /* Main.storyboard in Resources */,
			);
			runOnlyForDeploymentPostprocessing = 0;
		};
/* End PBXResourcesBuildPhase section */

/* Begin PBXSourcesBuildPhase section */
		276F19DB2545F447001F9AB7 /* Sources */ = {
			isa = PBXSourcesBuildPhase;
			buildActionMask = 2147483647;
			files = (
				276F19E52545F447001F9AB7 /* ViewController.swift in Sources */,
				276F19F82545F65B001F9AB7 /* NameAndLastname.swift in Sources */,
				276F19E32545F447001F9AB7 /* AppDelegate.swift in Sources */,
				276F19EB2545F447001F9AB7 /* TextFieldsUserDefaults.xcdatamodeld in Sources */,
			);
			runOnlyForDeploymentPostprocessing = 0;
		};
/* End PBXSourcesBuildPhase section */

/* Begin PBXVariantGroup section */
		276F19E62545F447001F9AB7 /* Main.storyboard */ = {
			isa = PBXVariantGroup;
			children = (
				276F19E72545F447001F9AB7 /* Base */,
			);
			name = Main.storyboard;
			sourceTree = "<group>";
		};
		276F19EE2545F449001F9AB7 /* LaunchScreen.storyboard */ = {
			isa = PBXVariantGroup;
			children = (
				276F19EF2545F449001F9AB7 /* Base */,
			);
			name = LaunchScreen.storyboard;
			sourceTree = "<group>";
		};
/* End PBXVariantGroup section */

/* Begin XCBuildConfiguration section */
		276F19F22545F449001F9AB7 /* Debug */ = {
			isa = XCBuildConfiguration;
			buildSettings = {
				ALWAYS_SEARCH_USER_PATHS = NO;
				CLANG_ANALYZER_NONNULL = YES;
				CLANG_ANALYZER_NUMBER_OBJECT_CONVERSION = YES_AGGRESSIVE;
				CLANG_CXX_LANGUAGE_STANDARD = "gnu++14";
				CLANG_CXX_LIBRARY = "libc++";
				CLANG_ENABLE_MODULES = YES;
				CLANG_ENABLE_OBJC_ARC = YES;
				CLANG_ENABLE_OBJC_WEAK = YES;
				CLANG_WARN_BLOCK_CAPTURE_AUTORELEASING = YES;
				CLANG_WARN_BOOL_CONVERSION = YES;
				CLANG_WARN_COMMA = YES;
				CLANG_WARN_CONSTANT_CONVERSION = YES;
				CLANG_WARN_DEPRECATED_OBJC_IMPLEMENTATIONS = YES;
				CLANG_WARN_DIRECT_OBJC_ISA_USAGE = YES_ERROR;
				CLANG_WARN_DOCUMENTATION_COMMENTS = YES;
				CLANG_WARN_EMPTY_BODY = YES;
				CLANG_WARN_ENUM_CONVERSION = YES;
				CLANG_WARN_INFINITE_RECURSION = YES;
				CLANG_WARN_INT_CONVERSION = YES;
				CLANG_WARN_NON_LITERAL_NULL_CONVERSION = YES;
				CLANG_WARN_OBJC_IMPLICIT_RETAIN_SELF = YES;
				CLANG_WARN_OBJC_LITERAL_CONVERSION = YES;
				CLANG_WARN_OBJC_ROOT_CLASS = YES_ERROR;
				CLANG_WARN_RANGE_LOOP_ANALYSIS = YES;
				CLANG_WARN_STRICT_PROTOTYPES = YES;
				CLANG_WARN_SUSPICIOUS_MOVE = YES;
				CLANG_WARN_UNGUARDED_AVAILABILITY = YES_AGGRESSIVE;
				CLANG_WARN_UNREACHABLE_CODE = YES;
				CLANG_WARN__DUPLICATE_METHOD_MATCH = YES;
				CODE_SIGN_IDENTITY = "iPhone Developer";
				COPY_PHASE_STRIP = NO;
				DEBUG_INFORMATION_FORMAT = dwarf;
				ENABLE_STRICT_OBJC_MSGSEND = YES;
				ENABLE_TESTABILITY = YES;
				GCC_C_LANGUAGE_STANDARD = gnu11;
				GCC_DYNAMIC_NO_PIC = NO;
				GCC_NO_COMMON_BLOCKS = YES;
				GCC_OPTIMIZATION_LEVEL = 0;
				GCC_PREPROCESSOR_DEFINITIONS = (
					"DEBUG=1",
					"$(inherited)",
				);
				GCC_WARN_64_TO_32_BIT_CONVERSION = YES;
				GCC_WARN_ABOUT_RETURN_TYPE = YES_ERROR;
				GCC_WARN_UNDECLARED_SELECTOR = YES;
				GCC_WARN_UNINITIALIZED_AUTOS = YES_AGGRESSIVE;
				GCC_WARN_UNUSED_FUNCTION = YES;
				GCC_WARN_UNUSED_VARIABLE = YES;
				IPHONEOS_DEPLOYMENT_TARGET = 12.1;
				MTL_ENABLE_DEBUG_INFO = INCLUDE_SOURCE;
				MTL_FAST_MATH = YES;
				ONLY_ACTIVE_ARCH = YES;
				SDKROOT = iphoneos;
				SWIFT_ACTIVE_COMPILATION_CONDITIONS = DEBUG;
				SWIFT_OPTIMIZATION_LEVEL = "-Onone";
			};
			name = Debug;
		};
		276F19F32545F449001F9AB7 /* Release */ = {
			isa = XCBuildConfiguration;
			buildSettings = {
				ALWAYS_SEARCH_USER_PATHS = NO;
				CLANG_ANALYZER_NONNULL = YES;
				CLANG_ANALYZER_NUMBER_OBJECT_CONVERSION = YES_AGGRESSIVE;
				CLANG_CXX_LANGUAGE_STANDARD = "gnu++14";
				CLANG_CXX_LIBRARY = "libc++";
				CLANG_ENABLE_MODULES = YES;
				CLANG_ENABLE_OBJC_ARC = YES;
				CLANG_ENABLE_OBJC_WEAK = YES;
				CLANG_WARN_BLOCK_CAPTURE_AUTORELEASING = YES;
				CLANG_WARN_BOOL_CONVERSION = YES;
				CLANG_WARN_COMMA = YES;
				CLANG_WARN_CONSTANT_CONVERSION = YES;
				CLANG_WARN_DEPRECATED_OBJC_IMPLEMENTATIONS = YES;
				CLANG_WARN_DIRECT_OBJC_ISA_USAGE = YES_ERROR;
				CLANG_WARN_DOCUMENTATION_COMMENTS = YES;
				CLANG_WARN_EMPTY_BODY = YES;
				CLANG_WARN_ENUM_CONVERSION = YES;
				CLANG_WARN_INFINITE_RECURSION = YES;
				CLANG_WARN_INT_CONVERSION = YES;
				CLANG_WARN_NON_LITERAL_NULL_CONVERSION = YES;
				CLANG_WARN_OBJC_IMPLICIT_RETAIN_SELF = YES;
				CLANG_WARN_OBJC_LITERAL_CONVERSION = YES;
				CLANG_WARN_OBJC_ROOT_CLASS = YES_ERROR;
				CLANG_WARN_RANGE_LOOP_ANALYSIS = YES;
				CLANG_WARN_STRICT_PROTOTYPES = YES;
				CLANG_WARN_SUSPICIOUS_MOVE = YES;
				CLANG_WARN_UNGUARDED_AVAILABILITY = YES_AGGRESSIVE;
				CLANG_WARN_UNREACHABLE_CODE = YES;
				CLANG_WARN__DUPLICATE_METHOD_MATCH = YES;
				CODE_SIGN_IDENTITY = "iPhone Developer";
				COPY_PHASE_STRIP = NO;
				DEBUG_INFORMATION_FORMAT = "dwarf-with-dsym";
				ENABLE_NS_ASSERTIONS = NO;
				ENABLE_STRICT_OBJC_MSGSEND = YES;
				GCC_C_LANGUAGE_STANDARD = gnu11;
				GCC_NO_COMMON_BLOCKS = YES;
				GCC_WARN_64_TO_32_BIT_CONVERSION = YES;
				GCC_WARN_ABOUT_RETURN_TYPE = YES_ERROR;
				GCC_WARN_UNDECLARED_SELECTOR = YES;
				GCC_WARN_UNINITIALIZED_AUTOS = YES_AGGRESSIVE;
				GCC_WARN_UNUSED_FUNCTION = YES;
				GCC_WARN_UNUSED_VARIABLE = YES;
				IPHONEOS_DEPLOYMENT_TARGET = 12.1;
				MTL_ENABLE_DEBUG_INFO = NO;
				MTL_FAST_MATH = YES;
				SDKROOT = iphoneos;
				SWIFT_COMPILATION_MODE = wholemodule;
				SWIFT_OPTIMIZATION_LEVEL = "-O";
				VALIDATE_PRODUCT = YES;
			};
			name = Release;
		};
		276F19F52545F449001F9AB7 /* Debug */ = {
			isa = XCBuildConfiguration;
			buildSettings = {
				ASSETCATALOG_COMPILER_APPICON_NAME = AppIcon;
				CODE_SIGN_STYLE = Automatic;
				INFOPLIST_FILE = TextFieldsUserDefaults/Info.plist;
				LD_RUNPATH_SEARCH_PATHS = (
					"$(inherited)",
					"@executable_path/Frameworks",
				);
				PRODUCT_BUNDLE_IDENTIFIER = RM.TextFieldsUserDefaults;
				PRODUCT_NAME = "$(TARGET_NAME)";
				SWIFT_VERSION = 4.2;
				TARGETED_DEVICE_FAMILY = "1,2";
			};
			name = Debug;
		};
		276F19F62545F449001F9AB7 /* Release */ = {
			isa = XCBuildConfiguration;
			buildSettings = {
				ASSETCATALOG_COMPILER_APPICON_NAME = AppIcon;
				CODE_SIGN_STYLE = Automatic;
				INFOPLIST_FILE = TextFieldsUserDefaults/Info.plist;
				LD_RUNPATH_SEARCH_PATHS = (
					"$(inherited)",
					"@executable_path/Frameworks",
				);
				PRODUCT_BUNDLE_IDENTIFIER = RM.TextFieldsUserDefaults;
				PRODUCT_NAME = "$(TARGET_NAME)";
				SWIFT_VERSION = 4.2;
				TARGETED_DEVICE_FAMILY = "1,2";
			};
			name = Release;
		};
/* End XCBuildConfiguration section */

/* Begin XCConfigurationList section */
		276F19DA2545F447001F9AB7 /* Build configuration list for PBXProject "TextFieldsUserDefaults" */ = {
			isa = XCConfigurationList;
			buildConfigurations = (
				276F19F22545F449001F9AB7 /* Debug */,
				276F19F32545F449001F9AB7 /* Release */,
			);
			defaultConfigurationIsVisible = 0;
			defaultConfigurationName = Release;
		};
		276F19F42545F449001F9AB7 /* Build configuration list for PBXNativeTarget "TextFieldsUserDefaults" */ = {
			isa = XCConfigurationList;
			buildConfigurations = (
				276F19F52545F449001F9AB7 /* Debug */,
				276F19F62545F449001F9AB7 /* Release */,
			);
			defaultConfigurationIsVisible = 0;
			defaultConfigurationName = Release;
		};
/* End XCConfigurationList section */

/* Begin XCVersionGroup section */
		276F19E92545F447001F9AB7 /* TextFieldsUserDefaults.xcdatamodeld */ = {
			isa = XCVersionGroup;
			children = (
				276F19EA2545F447001F9AB7 /* TextFieldsUserDefaults.xcdatamodel */,
			);
			currentVersion = 276F19EA2545F447001F9AB7 /* TextFieldsUserDefaults.xcdatamodel */;
			path = TextFieldsUserDefaults.xcdatamodeld;
			sourceTree = "<group>";
			versionGroupType = wrapper.xcdatamodel;
		};
/* End XCVersionGroup section */
	};
	rootObject = 276F19D72545F447001F9AB7 /* Project object */;
}
